
Microsoft Visual Studio Solution File, Format Version 12.00
# Visual Studio Version 16
VisualStudioVersion = 16.0.30413.136
MinimumVisualStudioVersion = 10.0.40219.1
Project("{FAE04EC0-301F-11D3-BF4B-00C04F79EFBC}") = "BlazorApp2", "BlazorApp2\BlazorApp2.csproj", "{C2FCE3DB-E090-4541-BD89-B6BFE09B8AFE}"
EndProject
Global
	GlobalSection(SolutionConfigurationPlatforms) = preSolution
		Debug|Any CPU = Debug|Any CPU
		Release|Any CPU = Release|Any CPU
	EndGlobalSection
	GlobalSection(ProjectConfigurationPlatforms) = postSolution
		{C2FCE3DB-E090-4541-BD89-B6BFE09B8AFE}.Debug|Any CPU.ActiveCfg = Debug|Any CPU
		{C2FCE3DB-E090-4541-BD89-B6BFE09B8AFE}.Debug|Any CPU.Build.0 = Debug|Any CPU
		{C2FCE3DB-E090-4541-BD89-B6BFE09B8AFE}.Release|Any CPU.ActiveCfg = Release|Any CPU
		{C2FCE3DB-E090-4541-BD89-B6BFE09B8AFE}.Release|Any CPU.Build.0 = Release|Any CPU
	EndGlobalSection
	GlobalSection(SolutionProperties) = preSolution
		HideSolutionNode = FALSE
	EndGlobalSection
	GlobalSection(ExtensibilityGlobals) = postSolution
		SolutionGuid = {FD74A980-BF69-4AD5-A5BA-557B566782C6}
	EndGlobalSection
EndGlobal
